{
  "requires": true,
  "lockfileVersion": 1,
  "dependencies": {
    "bulma-accordion": {
      "version": "2.0.0",
      "resolved": "https://registry.npmjs.org/bulma-accordion/-/bulma-accordion-2.0.0.tgz",
      "integrity": "sha512-N4ZC0iXQSkjajIUDrF50oASTCakXroUu0NF/DRQnPR8vPB2hz037HXXErE99zJM2HV9HAUXdFzz/0NJF0hXfHg=="
    },
    "bulma-badge": {
      "version": "2.0.0",
      "resolved": "https://registry.npmjs.org/bulma-badge/-/bulma-badge-2.0.0.tgz",
      "integrity": "sha512-4uNfE9KTZLe4pGzxqQTPStQjY6HvAubrVWkieek9DjdSfVSt9D8mViC2AVx+uecdERcoILjLClrwDMtExyJU0Q=="
    },
    "bulma-tagsinput": {
      "version": "2.0.0",
      "resolved": "https://registry.npmjs.org/bulma-tagsinput/-/bulma-tagsinput-2.0.0.tgz",
      "integrity": "sha512-BFvd0oaxgeWHOEh3d4cgETy5vpSSjRRBA9w+8TWEuhjFQg38Rb+3vjDCavL+udpdjf+dRV0SK5T4kYCXTOrz5A=="
    },
    "bulma-tooltip": {
      "version": "2.0.1",
      "resolved": "https://registry.npmjs.org/bulma-tooltip/-/bulma-tooltip-2.0.1.tgz",
      "integrity": "sha512-y2e8ER6wej5hBgb5OXoyBqBxSD+1aw6kFHNp/HbOWw4UB4dKwREuNa/RecM6mjrSSxO9IeED787CU++Y1bbStg=="
    }
  }
}
